
Microsoft Visual Studio Solution File, Format Version 12.00
# Visual Studio 15
VisualStudioVersion = 15.0.28307.168
MinimumVisualStudioVersion = 10.0.40219.1
Project("{FAE04EC0-301F-11D3-BF4B-00C04F79EFBC}") = "ATT", "ATT\ATT.csproj", "{3630CB9B-7A24-47FF-B756-BF7643688DF9}"
EndProject
Global
	GlobalSection(SolutionConfigurationPlatforms) = preSolution
		Debug|Any CPU = Debug|Any CPU
		Release|Any CPU = Release|Any CPU
	EndGlobalSection
	GlobalSection(ProjectConfigurationPlatforms) = postSolution
		{3630CB9B-7A24-47FF-B756-BF7643688DF9}.Debug|Any CPU.ActiveCfg = Debug|Any CPU
		{3630CB9B-7A24-47FF-B756-BF7643688DF9}.Debug|Any CPU.Build.0 = Debug|Any CPU
		{3630CB9B-7A24-47FF-B756-BF7643688DF9}.Release|Any CPU.ActiveCfg = Release|Any CPU
		{3630CB9B-7A24-47FF-B756-BF7643688DF9}.Release|Any CPU.Build.0 = Release|Any CPU
	EndGlobalSection
	GlobalSection(SolutionProperties) = preSolution
		HideSolutionNode = FALSE
	EndGlobalSection
	GlobalSection(ExtensibilityGlobals) = postSolution
		SolutionGuid = {85BD41A2-91EA-47DA-B3B8-8803696DB278}
	EndGlobalSection
EndGlobal
